// !$*UTF8*$!
{
	archiveVersion = 1;
	classes = {
	};
	objectVersion = 51;
	objects = {

/* Begin PBXBuildFile section */
		61D655B4244F701B00A055C2 /* AppDelegate.swift in Sources */ = {isa = PBXBuildFile; fileRef = 61D655B3244F701B00A055C2 /* AppDelegate.swift */; };
		61D655B6244F701B00A055C2 /* SceneDelegate.swift in Sources */ = {isa = PBXBuildFile; fileRef = 61D655B5244F701B00A055C2 /* SceneDelegate.swift */; };
		61D655BD244F701E00A055C2 /* Assets.xcassets in Resources */ = {isa = PBXBuildFile; fileRef = 61D655BC244F701E00A055C2 /* Assets.xcassets */; };
		61D655C0244F701E00A055C2 /* LaunchScreen.storyboard in Resources */ = {isa = PBXBuildFile; fileRef = 61D655BE244F701E00A055C2 /* LaunchScreen.storyboard */; };
		61D655D7244F992300A055C2 /* Event.swift in Sources */ = {isa = PBXBuildFile; fileRef = 61D655D6244F992300A055C2 /* Event.swift */; };
		61D655DA244F9FAB00A055C2 /* NetworkManager.swift in Sources */ = {isa = PBXBuildFile; fileRef = 61D655D9244F9FAB00A055C2 /* NetworkManager.swift */; };
		61D655DD244FA07B00A055C2 /* ApiConfig.swift in Sources */ = {isa = PBXBuildFile; fileRef = 61D655DC244FA07B00A055C2 /* ApiConfig.swift */; };
		61D655E0244FAFB200A055C2 /* events.json in Resources */ = {isa = PBXBuildFile; fileRef = 61D655DF244FAFB200A055C2 /* events.json */; };
		61D655E2244FB18B00A055C2 /* ListEventsTest.swift in Sources */ = {isa = PBXBuildFile; fileRef = 61D655E1244FB18B00A055C2 /* ListEventsTest.swift */; };
		61D655E5244FB2CB00A055C2 /* IntExtension.swift in Sources */ = {isa = PBXBuildFile; fileRef = 61D655E4244FB2CB00A055C2 /* IntExtension.swift */; };
		61D655E7244FF33200A055C2 /* NetworkManagerProtocol.swift in Sources */ = {isa = PBXBuildFile; fileRef = 61D655E6244FF33200A055C2 /* NetworkManagerProtocol.swift */; };
		61D655EC244FFCAD00A055C2 /* ListEventViewModel.swift in Sources */ = {isa = PBXBuildFile; fileRef = 61D655EB244FFCAD00A055C2 /* ListEventViewModel.swift */; };
		61D655EE244FFCD100A055C2 /* ListEventViewModelProtocol.swift in Sources */ = {isa = PBXBuildFile; fileRef = 61D655ED244FFCD100A055C2 /* ListEventViewModelProtocol.swift */; };
		61D655F4245005CA00A055C2 /* ListEventViewController.swift in Sources */ = {isa = PBXBuildFile; fileRef = 61D655F3245005CA00A055C2 /* ListEventViewController.swift */; };
		61D655F62450078D00A055C2 /* ViewControllerProtocol.swift in Sources */ = {isa = PBXBuildFile; fileRef = 61D655F52450078D00A055C2 /* ViewControllerProtocol.swift */; };
		61D655F924500DCD00A055C2 /* EventTableViewCell.swift in Sources */ = {isa = PBXBuildFile; fileRef = 61D655F824500DCD00A055C2 /* EventTableViewCell.swift */; };
		8E3C0859BAD3342866B4AEEB /* Pods_EventsTests.framework in Frameworks */ = {isa = PBXBuildFile; fileRef = 44259C8702C65C7FA4A6B4A5 /* Pods_EventsTests.framework */; };
		D2B7754A1B37EF72651F243A /* Pods_Events.framework in Frameworks */ = {isa = PBXBuildFile; fileRef = 380446321899262FA540EC5C /* Pods_Events.framework */; };
/* End PBXBuildFile section */

/* Begin PBXContainerItemProxy section */
		61D655C7244F701E00A055C2 /* PBXContainerItemProxy */ = {
			isa = PBXContainerItemProxy;
			containerPortal = 61D655A8244F701B00A055C2 /* Project object */;
			proxyType = 1;
			remoteGlobalIDString = 61D655AF244F701B00A055C2;
			remoteInfo = Events;
		};
/* End PBXContainerItemProxy section */

/* Begin PBXFileReference section */
		16C9D18EDF228334CF2749B1 /* Pods-EventsTests.release.xcconfig */ = {isa = PBXFileReference; includeInIndex = 1; lastKnownFileType = text.xcconfig; name = "Pods-EventsTests.release.xcconfig"; path = "Target Support Files/Pods-EventsTests/Pods-EventsTests.release.xcconfig"; sourceTree = "<group>"; };
		19363BCDC72B243A17BD4AD7 /* Pods-Events.release.xcconfig */ = {isa = PBXFileReference; includeInIndex = 1; lastKnownFileType = text.xcconfig; name = "Pods-Events.release.xcconfig"; path = "Target Support Files/Pods-Events/Pods-Events.release.xcconfig"; sourceTree = "<group>"; };
		380446321899262FA540EC5C /* Pods_Events.framework */ = {isa = PBXFileReference; explicitFileType = wrapper.framework; includeInIndex = 0; path = Pods_Events.framework; sourceTree = BUILT_PRODUCTS_DIR; };
		40E9091AD379DBCFDB4D6EFB /* Pods-EventsTests.debug.xcconfig */ = {isa = PBXFileReference; includeInIndex = 1; lastKnownFileType = text.xcconfig; name = "Pods-EventsTests.debug.xcconfig"; path = "Target Support Files/Pods-EventsTests/Pods-EventsTests.debug.xcconfig"; sourceTree = "<group>"; };
		44259C8702C65C7FA4A6B4A5 /* Pods_EventsTests.framework */ = {isa = PBXFileReference; explicitFileType = wrapper.framework; includeInIndex = 0; path = Pods_EventsTests.framework; sourceTree = BUILT_PRODUCTS_DIR; };
		61D655B0244F701B00A055C2 /* Events.app */ = {isa = PBXFileReference; explicitFileType = wrapper.application; includeInIndex = 0; path = Events.app; sourceTree = BUILT_PRODUCTS_DIR; };
		61D655B3244F701B00A055C2 /* AppDelegate.swift */ = {isa = PBXFileReference; lastKnownFileType = sourcecode.swift; path = AppDelegate.swift; sourceTree = "<group>"; };
		61D655B5244F701B00A055C2 /* SceneDelegate.swift */ = {isa = PBXFileReference; lastKnownFileType = sourcecode.swift; path = SceneDelegate.swift; sourceTree = "<group>"; };
		61D655BC244F701E00A055C2 /* Assets.xcassets */ = {isa = PBXFileReference; lastKnownFileType = folder.assetcatalog; path = Assets.xcassets; sourceTree = "<group>"; };
		61D655BF244F701E00A055C2 /* Base */ = {isa = PBXFileReference; lastKnownFileType = file.storyboard; name = Base; path = Base.lproj/LaunchScreen.storyboard; sourceTree = "<group>"; };
		61D655C1244F701E00A055C2 /* Info.plist */ = {isa = PBXFileReference; lastKnownFileType = text.plist.xml; path = Info.plist; sourceTree = "<group>"; };
		61D655C6244F701E00A055C2 /* EventsTests.xctest */ = {isa = PBXFileReference; explicitFileType = wrapper.cfbundle; includeInIndex = 0; path = EventsTests.xctest; sourceTree = BUILT_PRODUCTS_DIR; };
		61D655CC244F701E00A055C2 /* Info.plist */ = {isa = PBXFileReference; lastKnownFileType = text.plist.xml; path = Info.plist; sourceTree = "<group>"; };
		61D655D6244F992300A055C2 /* Event.swift */ = {isa = PBXFileReference; lastKnownFileType = sourcecode.swift; path = Event.swift; sourceTree = "<group>"; };
		61D655D9244F9FAB00A055C2 /* NetworkManager.swift */ = {isa = PBXFileReference; lastKnownFileType = sourcecode.swift; path = NetworkManager.swift; sourceTree = "<group>"; };
		61D655DC244FA07B00A055C2 /* ApiConfig.swift */ = {isa = PBXFileReference; lastKnownFileType = sourcecode.swift; path = ApiConfig.swift; sourceTree = "<group>"; };
		61D655DF244FAFB200A055C2 /* events.json */ = {isa = PBXFileReference; lastKnownFileType = text.json; path = events.json; sourceTree = "<group>"; };
		61D655E1244FB18B00A055C2 /* ListEventsTest.swift */ = {isa = PBXFileReference; lastKnownFileType = sourcecode.swift; path = ListEventsTest.swift; sourceTree = "<group>"; };
		61D655E4244FB2CB00A055C2 /* IntExtension.swift */ = {isa = PBXFileReference; lastKnownFileType = sourcecode.swift; path = IntExtension.swift; sourceTree = "<group>"; };
		61D655E6244FF33200A055C2 /* NetworkManagerProtocol.swift */ = {isa = PBXFileReference; lastKnownFileType = sourcecode.swift; path = NetworkManagerProtocol.swift; sourceTree = "<group>"; };
		61D655EB244FFCAD00A055C2 /* ListEventViewModel.swift */ = {isa = PBXFileReference; lastKnownFileType = sourcecode.swift; path = ListEventViewModel.swift; sourceTree = "<group>"; };
		61D655ED244FFCD100A055C2 /* ListEventViewModelProtocol.swift */ = {isa = PBXFileReference; lastKnownFileType = sourcecode.swift; path = ListEventViewModelProtocol.swift; sourceTree = "<group>"; };
		61D655F3245005CA00A055C2 /* ListEventViewController.swift */ = {isa = PBXFileReference; lastKnownFileType = sourcecode.swift; path = ListEventViewController.swift; sourceTree = "<group>"; };
		61D655F52450078D00A055C2 /* ViewControllerProtocol.swift */ = {isa = PBXFileReference; lastKnownFileType = sourcecode.swift; path = ViewControllerProtocol.swift; sourceTree = "<group>"; };
		61D655F824500DCD00A055C2 /* EventTableViewCell.swift */ = {isa = PBXFileReference; lastKnownFileType = sourcecode.swift; path = EventTableViewCell.swift; sourceTree = "<group>"; };
		91DED2E11F82D8FAC712ED4B /* Pods-Events.debug.xcconfig */ = {isa = PBXFileReference; includeInIndex = 1; lastKnownFileType = text.xcconfig; name = "Pods-Events.debug.xcconfig"; path = "Target Support Files/Pods-Events/Pods-Events.debug.xcconfig"; sourceTree = "<group>"; };
/* End PBXFileReference section */

/* Begin PBXFrameworksBuildPhase section */
		61D655AD244F701B00A055C2 /* Frameworks */ = {
			isa = PBXFrameworksBuildPhase;
			buildActionMask = 2147483647;
			files = (
				D2B7754A1B37EF72651F243A /* Pods_Events.framework in Frameworks */,
			);
			runOnlyForDeploymentPostprocessing = 0;
		};
		61D655C3244F701E00A055C2 /* Frameworks */ = {
			isa = PBXFrameworksBuildPhase;
			buildActionMask = 2147483647;
			files = (
				8E3C0859BAD3342866B4AEEB /* Pods_EventsTests.framework in Frameworks */,
			);
			runOnlyForDeploymentPostprocessing = 0;
		};
/* End PBXFrameworksBuildPhase section */

/* Begin PBXGroup section */
		61D655A7244F701B00A055C2 = {
			isa = PBXGroup;
			children = (
				61D655B2244F701B00A055C2 /* Events */,
				61D655C9244F701E00A055C2 /* EventsTests */,
				61D655B1244F701B00A055C2 /* Products */,
				DEE79A71877387830A8DE227 /* Pods */,
				C39F1DFF84722C8A290F1FCC /* Frameworks */,
			);
			sourceTree = "<group>";
		};
		61D655B1244F701B00A055C2 /* Products */ = {
			isa = PBXGroup;
			children = (
				61D655B0244F701B00A055C2 /* Events.app */,
				61D655C6244F701E00A055C2 /* EventsTests.xctest */,
			);
			name = Products;
			sourceTree = "<group>";
		};
		61D655B2244F701B00A055C2 /* Events */ = {
			isa = PBXGroup;
			children = (
				61D655F02450048800A055C2 /* ViewController */,
				61D655EA244FFC9000A055C2 /* ViewModel */,
				61D655E3244FB2A900A055C2 /* Extensions */,
				61D655DB244FA02B00A055C2 /* Config */,
				61D655D8244F9F8F00A055C2 /* Network */,
				61D655D5244F973A00A055C2 /* Model */,
				61D655B3244F701B00A055C2 /* AppDelegate.swift */,
				61D655B5244F701B00A055C2 /* SceneDelegate.swift */,
				61D655BC244F701E00A055C2 /* Assets.xcassets */,
				61D655BE244F701E00A055C2 /* LaunchScreen.storyboard */,
				61D655C1244F701E00A055C2 /* Info.plist */,
			);
			path = Events;
			sourceTree = "<group>";
		};
		61D655C9244F701E00A055C2 /* EventsTests */ = {
			isa = PBXGroup;
			children = (
				61D655DE244FAF7A00A055C2 /* Resource */,
				61D655CC244F701E00A055C2 /* Info.plist */,
				61D655E1244FB18B00A055C2 /* ListEventsTest.swift */,
			);
			path = EventsTests;
			sourceTree = "<group>";
		};
		61D655D5244F973A00A055C2 /* Model */ = {
			isa = PBXGroup;
			children = (
				61D655D6244F992300A055C2 /* Event.swift */,
			);
			path = Model;
			sourceTree = "<group>";
		};
		61D655D8244F9F8F00A055C2 /* Network */ = {
			isa = PBXGroup;
			children = (
				61D655D9244F9FAB00A055C2 /* NetworkManager.swift */,
				61D655E6244FF33200A055C2 /* NetworkManagerProtocol.swift */,
			);
			path = Network;
			sourceTree = "<group>";
		};
		61D655DB244FA02B00A055C2 /* Config */ = {
			isa = PBXGroup;
			children = (
				61D655DC244FA07B00A055C2 /* ApiConfig.swift */,
			);
			path = Config;
			sourceTree = "<group>";
		};
		61D655DE244FAF7A00A055C2 /* Resource */ = {
			isa = PBXGroup;
			children = (
				61D655DF244FAFB200A055C2 /* events.json */,
			);
			path = Resource;
			sourceTree = "<group>";
		};
		61D655E3244FB2A900A055C2 /* Extensions */ = {
			isa = PBXGroup;
			children = (
				61D655E4244FB2CB00A055C2 /* IntExtension.swift */,
			);
			path = Extensions;
			sourceTree = "<group>";
		};
		61D655EA244FFC9000A055C2 /* ViewModel */ = {
			isa = PBXGroup;
			children = (
				61D655EB244FFCAD00A055C2 /* ListEventViewModel.swift */,
				61D655ED244FFCD100A055C2 /* ListEventViewModelProtocol.swift */,
			);
			path = ViewModel;
			sourceTree = "<group>";
		};
		61D655F02450048800A055C2 /* ViewController */ = {
			isa = PBXGroup;
			children = (
				61D655F724500D9D00A055C2 /* View */,
				61D655F3245005CA00A055C2 /* ListEventViewController.swift */,
				61D655F52450078D00A055C2 /* ViewControllerProtocol.swift */,
			);
			path = ViewController;
			sourceTree = "<group>";
		};
		61D655F724500D9D00A055C2 /* View */ = {
			isa = PBXGroup;
			children = (
				61D655F824500DCD00A055C2 /* EventTableViewCell.swift */,
			);
			path = View;
			sourceTree = "<group>";
		};
		C39F1DFF84722C8A290F1FCC /* Frameworks */ = {
			isa = PBXGroup;
			children = (
				380446321899262FA540EC5C /* Pods_Events.framework */,
				44259C8702C65C7FA4A6B4A5 /* Pods_EventsTests.framework */,
			);
			name = Frameworks;
			sourceTree = "<group>";
		};
		DEE79A71877387830A8DE227 /* Pods */ = {
			isa = PBXGroup;
			children = (
				91DED2E11F82D8FAC712ED4B /* Pods-Events.debug.xcconfig */,
				19363BCDC72B243A17BD4AD7 /* Pods-Events.release.xcconfig */,
				40E9091AD379DBCFDB4D6EFB /* Pods-EventsTests.debug.xcconfig */,
				16C9D18EDF228334CF2749B1 /* Pods-EventsTests.release.xcconfig */,
			);
			path = Pods;
			sourceTree = "<group>";
		};
/* End PBXGroup section */

/* Begin PBXNativeTarget section */
		61D655AF244F701B00A055C2 /* Events */ = {
			isa = PBXNativeTarget;
			buildConfigurationList = 61D655CF244F701E00A055C2 /* Build configuration list for PBXNativeTarget "Events" */;
			buildPhases = (
				A0F5ECFE1EB6D53F7AC68BD0 /* [CP] Check Pods Manifest.lock */,
				61D655AC244F701B00A055C2 /* Sources */,
				61D655AD244F701B00A055C2 /* Frameworks */,
				61D655AE244F701B00A055C2 /* Resources */,
				1DD265F5B6C09623B8A1F7D3 /* [CP] Embed Pods Frameworks */,
			);
			buildRules = (
			);
			dependencies = (
			);
			name = Events;
			productName = Events;
			productReference = 61D655B0244F701B00A055C2 /* Events.app */;
			productType = "com.apple.product-type.application";
		};
		61D655C5244F701E00A055C2 /* EventsTests */ = {
			isa = PBXNativeTarget;
			buildConfigurationList = 61D655D2244F701E00A055C2 /* Build configuration list for PBXNativeTarget "EventsTests" */;
			buildPhases = (
				E7851A16DF6B25BB5EEA2488 /* [CP] Check Pods Manifest.lock */,
				61D655C2244F701E00A055C2 /* Sources */,
				61D655C3244F701E00A055C2 /* Frameworks */,
				61D655C4244F701E00A055C2 /* Resources */,
			);
			buildRules = (
			);
			dependencies = (
				61D655C8244F701E00A055C2 /* PBXTargetDependency */,
			);
			name = EventsTests;
			productName = EventsTests;
			productReference = 61D655C6244F701E00A055C2 /* EventsTests.xctest */;
			productType = "com.apple.product-type.bundle.unit-test";
		};
/* End PBXNativeTarget section */

/* Begin PBXProject section */
		61D655A8244F701B00A055C2 /* Project object */ = {
			isa = PBXProject;
			attributes = {
				LastSwiftUpdateCheck = 1140;
				LastUpgradeCheck = 1140;
				ORGANIZATIONNAME = "Marcio Habigzang Brufatto";
				TargetAttributes = {
					61D655AF244F701B00A055C2 = {
						CreatedOnToolsVersion = 11.4.1;
					};
					61D655C5244F701E00A055C2 = {
						CreatedOnToolsVersion = 11.4.1;
						TestTargetID = 61D655AF244F701B00A055C2;
					};
				};
			};
			buildConfigurationList = 61D655AB244F701B00A055C2 /* Build configuration list for PBXProject "Events" */;
			compatibilityVersion = "Xcode 9.3";
			developmentRegion = en;
			hasScannedForEncodings = 0;
			knownRegions = (
				en,
				Base,
			);
			mainGroup = 61D655A7244F701B00A055C2;
			productRefGroup = 61D655B1244F701B00A055C2 /* Products */;
			projectDirPath = "";
			projectRoot = "";
			targets = (
				61D655AF244F701B00A055C2 /* Events */,
				61D655C5244F701E00A055C2 /* EventsTests */,
			);
		};
/* End PBXProject section */

/* Begin PBXResourcesBuildPhase section */
		61D655AE244F701B00A055C2 /* Resources */ = {
			isa = PBXResourcesBuildPhase;
			buildActionMask = 2147483647;
			files = (
				61D655C0244F701E00A055C2 /* LaunchScreen.storyboard in Resources */,
				61D655BD244F701E00A055C2 /* Assets.xcassets in Resources */,
			);
			runOnlyForDeploymentPostprocessing = 0;
		};
		61D655C4244F701E00A055C2 /* Resources */ = {
			isa = PBXResourcesBuildPhase;
			buildActionMask = 2147483647;
			files = (
				61D655E0244FAFB200A055C2 /* events.json in Resources */,
			);
			runOnlyForDeploymentPostprocessing = 0;
		};
/* End PBXResourcesBuildPhase section */

/* Begin PBXShellScriptBuildPhase section */
		1DD265F5B6C09623B8A1F7D3 /* [CP] Embed Pods Frameworks */ = {
			isa = PBXShellScriptBuildPhase;
			buildActionMask = 2147483647;
			files = (
			);
			inputFileListPaths = (
				"${PODS_ROOT}/Target Support Files/Pods-Events/Pods-Events-frameworks-${CONFIGURATION}-input-files.xcfilelist",
			);
			name = "[CP] Embed Pods Frameworks";
			outputFileListPaths = (
				"${PODS_ROOT}/Target Support Files/Pods-Events/Pods-Events-frameworks-${CONFIGURATION}-output-files.xcfilelist",
			);
			runOnlyForDeploymentPostprocessing = 0;
			shellPath = /bin/sh;
			shellScript = "\"${PODS_ROOT}/Target Support Files/Pods-Events/Pods-Events-frameworks.sh\"\n";
			showEnvVarsInLog = 0;
		};
		A0F5ECFE1EB6D53F7AC68BD0 /* [CP] Check Pods Manifest.lock */ = {
			isa = PBXShellScriptBuildPhase;
			buildActionMask = 2147483647;
			files = (
			);
			inputFileListPaths = (
			);
			inputPaths = (
				"${PODS_PODFILE_DIR_PATH}/Podfile.lock",
				"${PODS_ROOT}/Manifest.lock",
			);
			name = "[CP] Check Pods Manifest.lock";
			outputFileListPaths = (
			);
			outputPaths = (
				"$(DERIVED_FILE_DIR)/Pods-Events-checkManifestLockResult.txt",
			);
			runOnlyForDeploymentPostprocessing = 0;
			shellPath = /bin/sh;
			shellScript = "diff \"${PODS_PODFILE_DIR_PATH}/Podfile.lock\" \"${PODS_ROOT}/Manifest.lock\" > /dev/null\nif [ $? != 0 ] ; then\n    # print error to STDERR\n    echo \"error: The sandbox is not in sync with the Podfile.lock. Run 'pod install' or update your CocoaPods installation.\" >&2\n    exit 1\nfi\n# This output is used by Xcode 'outputs' to avoid re-running this script phase.\necho \"SUCCESS\" > \"${SCRIPT_OUTPUT_FILE_0}\"\n";
			showEnvVarsInLog = 0;
		};
		E7851A16DF6B25BB5EEA2488 /* [CP] Check Pods Manifest.lock */ = {
			isa = PBXShellScriptBuildPhase;
			buildActionMask = 2147483647;
			files = (
			);
			inputFileListPaths = (
			);
			inputPaths = (
				"${PODS_PODFILE_DIR_PATH}/Podfile.lock",
				"${PODS_ROOT}/Manifest.lock",
			);
			name = "[CP] Check Pods Manifest.lock";
			outputFileListPaths = (
			);
			outputPaths = (
				"$(DERIVED_FILE_DIR)/Pods-EventsTests-checkManifestLockResult.txt",
			);
			runOnlyForDeploymentPostprocessing = 0;
			shellPath = /bin/sh;
			shellScript = "diff \"${PODS_PODFILE_DIR_PATH}/Podfile.lock\" \"${PODS_ROOT}/Manifest.lock\" > /dev/null\nif [ $? != 0 ] ; then\n    # print error to STDERR\n    echo \"error: The sandbox is not in sync with the Podfile.lock. Run 'pod install' or update your CocoaPods installation.\" >&2\n    exit 1\nfi\n# This output is used by Xcode 'outputs' to avoid re-running this script phase.\necho \"SUCCESS\" > \"${SCRIPT_OUTPUT_FILE_0}\"\n";
			showEnvVarsInLog = 0;
		};
/* End PBXShellScriptBuildPhase section */

/* Begin PBXSourcesBuildPhase section */
		61D655AC244F701B00A055C2 /* Sources */ = {
			isa = PBXSourcesBuildPhase;
			buildActionMask = 2147483647;
			files = (
				61D655F924500DCD00A055C2 /* EventTableViewCell.swift in Sources */,
				61D655DD244FA07B00A055C2 /* ApiConfig.swift in Sources */,
				61D655B4244F701B00A055C2 /* AppDelegate.swift in Sources */,
				61D655F62450078D00A055C2 /* ViewControllerProtocol.swift in Sources */,
				61D655E7244FF33200A055C2 /* NetworkManagerProtocol.swift in Sources */,
				61D655D7244F992300A055C2 /* Event.swift in Sources */,
				61D655DA244F9FAB00A055C2 /* NetworkManager.swift in Sources */,
				61D655F4245005CA00A055C2 /* ListEventViewController.swift in Sources */,
				61D655EC244FFCAD00A055C2 /* ListEventViewModel.swift in Sources */,
				61D655B6244F701B00A055C2 /* SceneDelegate.swift in Sources */,
				61D655E5244FB2CB00A055C2 /* IntExtension.swift in Sources */,
				61D655EE244FFCD100A055C2 /* ListEventViewModelProtocol.swift in Sources */,
			);
			runOnlyForDeploymentPostprocessing = 0;
		};
		61D655C2244F701E00A055C2 /* Sources */ = {
			isa = PBXSourcesBuildPhase;
			buildActionMask = 2147483647;
			files = (
				61D655E2244FB18B00A055C2 /* ListEventsTest.swift in Sources */,
			);
			runOnlyForDeploymentPostprocessing = 0;
		};
/* End PBXSourcesBuildPhase section */

/* Begin PBXTargetDependency section */
		61D655C8244F701E00A055C2 /* PBXTargetDependency */ = {
			isa = PBXTargetDependency;
			target = 61D655AF244F701B00A055C2 /* Events */;
			targetProxy = 61D655C7244F701E00A055C2 /* PBXContainerItemProxy */;
		};
/* End PBXTargetDependency section */

/* Begin PBXVariantGroup section */
		61D655BE244F701E00A055C2 /* LaunchScreen.storyboard */ = {
			isa = PBXVariantGroup;
			children = (
				61D655BF244F701E00A055C2 /* Base */,
			);
			name = LaunchScreen.storyboard;
			sourceTree = "<group>";
		};
/* End PBXVariantGroup section */

/* Begin XCBuildConfiguration section */
		61D655CD244F701E00A055C2 /* Debug */ = {
			isa = XCBuildConfiguration;
			buildSettings = {
				ALWAYS_SEARCH_USER_PATHS = NO;
				CLANG_ANALYZER_NONNULL = YES;
				CLANG_ANALYZER_NUMBER_OBJECT_CONVERSION = YES_AGGRESSIVE;
				CLANG_CXX_LANGUAGE_STANDARD = "gnu++14";
				CLANG_CXX_LIBRARY = "libc++";
				CLANG_ENABLE_MODULES = YES;
				CLANG_ENABLE_OBJC_ARC = YES;
				CLANG_ENABLE_OBJC_WEAK = YES;
				CLANG_WARN_BLOCK_CAPTURE_AUTORELEASING = YES;
				CLANG_WARN_BOOL_CONVERSION = YES;
				CLANG_WARN_COMMA = YES;
				CLANG_WARN_CONSTANT_CONVERSION = YES;
				CLANG_WARN_DEPRECATED_OBJC_IMPLEMENTATIONS = YES;
				CLANG_WARN_DIRECT_OBJC_ISA_USAGE = YES_ERROR;
				CLANG_WARN_DOCUMENTATION_COMMENTS = YES;
				CLANG_WARN_EMPTY_BODY = YES;
				CLANG_WARN_ENUM_CONVERSION = YES;
				CLANG_WARN_INFINITE_RECURSION = YES;
				CLANG_WARN_INT_CONVERSION = YES;
				CLANG_WARN_NON_LITERAL_NULL_CONVERSION = YES;
				CLANG_WARN_OBJC_IMPLICIT_RETAIN_SELF = YES;
				CLANG_WARN_OBJC_LITERAL_CONVERSION = YES;
				CLANG_WARN_OBJC_ROOT_CLASS = YES_ERROR;
				CLANG_WARN_RANGE_LOOP_ANALYSIS = YES;
				CLANG_WARN_STRICT_PROTOTYPES = YES;
				CLANG_WARN_SUSPICIOUS_MOVE = YES;
				CLANG_WARN_UNGUARDED_AVAILABILITY = YES_AGGRESSIVE;
				CLANG_WARN_UNREACHABLE_CODE = YES;
				CLANG_WARN__DUPLICATE_METHOD_MATCH = YES;
				COPY_PHASE_STRIP = NO;
				DEBUG_INFORMATION_FORMAT = dwarf;
				ENABLE_STRICT_OBJC_MSGSEND = YES;
				ENABLE_TESTABILITY = YES;
				GCC_C_LANGUAGE_STANDARD = gnu11;
				GCC_DYNAMIC_NO_PIC = NO;
				GCC_NO_COMMON_BLOCKS = YES;
				GCC_OPTIMIZATION_LEVEL = 0;
				GCC_PREPROCESSOR_DEFINITIONS = (
					"DEBUG=1",
					"$(inherited)",
				);
				GCC_WARN_64_TO_32_BIT_CONVERSION = YES;
				GCC_WARN_ABOUT_RETURN_TYPE = YES_ERROR;
				GCC_WARN_UNDECLARED_SELECTOR = YES;
				GCC_WARN_UNINITIALIZED_AUTOS = YES_AGGRESSIVE;
				GCC_WARN_UNUSED_FUNCTION = YES;
				GCC_WARN_UNUSED_VARIABLE = YES;
				IPHONEOS_DEPLOYMENT_TARGET = 13.4;
				MTL_ENABLE_DEBUG_INFO = INCLUDE_SOURCE;
				MTL_FAST_MATH = YES;
				ONLY_ACTIVE_ARCH = YES;
				SDKROOT = iphoneos;
				SWIFT_ACTIVE_COMPILATION_CONDITIONS = DEBUG;
				SWIFT_OPTIMIZATION_LEVEL = "-Onone";
			};
			name = Debug;
		};
		61D655CE244F701E00A055C2 /* Release */ = {
			isa = XCBuildConfiguration;
			buildSettings = {
				ALWAYS_SEARCH_USER_PATHS = NO;
				CLANG_ANALYZER_NONNULL = YES;
				CLANG_ANALYZER_NUMBER_OBJECT_CONVERSION = YES_AGGRESSIVE;
				CLANG_CXX_LANGUAGE_STANDARD = "gnu++14";
				CLANG_CXX_LIBRARY = "libc++";
				CLANG_ENABLE_MODULES = YES;
				CLANG_ENABLE_OBJC_ARC = YES;
				CLANG_ENABLE_OBJC_WEAK = YES;
				CLANG_WARN_BLOCK_CAPTURE_AUTORELEASING = YES;
				CLANG_WARN_BOOL_CONVERSION = YES;
				CLANG_WARN_COMMA = YES;
				CLANG_WARN_CONSTANT_CONVERSION = YES;
				CLANG_WARN_DEPRECATED_OBJC_IMPLEMENTATIONS = YES;
				CLANG_WARN_DIRECT_OBJC_ISA_USAGE = YES_ERROR;
				CLANG_WARN_DOCUMENTATION_COMMENTS = YES;
				CLANG_WARN_EMPTY_BODY = YES;
				CLANG_WARN_ENUM_CONVERSION = YES;
				CLANG_WARN_INFINITE_RECURSION = YES;
				CLANG_WARN_INT_CONVERSION = YES;
				CLANG_WARN_NON_LITERAL_NULL_CONVERSION = YES;
				CLANG_WARN_OBJC_IMPLICIT_RETAIN_SELF = YES;
				CLANG_WARN_OBJC_LITERAL_CONVERSION = YES;
				CLANG_WARN_OBJC_ROOT_CLASS = YES_ERROR;
				CLANG_WARN_RANGE_LOOP_ANALYSIS = YES;
				CLANG_WARN_STRICT_PROTOTYPES = YES;
				CLANG_WARN_SUSPICIOUS_MOVE = YES;
				CLANG_WARN_UNGUARDED_AVAILABILITY = YES_AGGRESSIVE;
				CLANG_WARN_UNREACHABLE_CODE = YES;
				CLANG_WARN__DUPLICATE_METHOD_MATCH = YES;
				COPY_PHASE_STRIP = NO;
				DEBUG_INFORMATION_FORMAT = "dwarf-with-dsym";
				ENABLE_NS_ASSERTIONS = NO;
				ENABLE_STRICT_OBJC_MSGSEND = YES;
				GCC_C_LANGUAGE_STANDARD = gnu11;
				GCC_NO_COMMON_BLOCKS = YES;
				GCC_WARN_64_TO_32_BIT_CONVERSION = YES;
				GCC_WARN_ABOUT_RETURN_TYPE = YES_ERROR;
				GCC_WARN_UNDECLARED_SELECTOR = YES;
				GCC_WARN_UNINITIALIZED_AUTOS = YES_AGGRESSIVE;
				GCC_WARN_UNUSED_FUNCTION = YES;
				GCC_WARN_UNUSED_VARIABLE = YES;
				IPHONEOS_DEPLOYMENT_TARGET = 13.4;
				MTL_ENABLE_DEBUG_INFO = NO;
				MTL_FAST_MATH = YES;
				SDKROOT = iphoneos;
				SWIFT_COMPILATION_MODE = wholemodule;
				SWIFT_OPTIMIZATION_LEVEL = "-O";
				VALIDATE_PRODUCT = YES;
			};
			name = Release;
		};
		61D655D0244F701E00A055C2 /* Debug */ = {
			isa = XCBuildConfiguration;
			baseConfigurationReference = 91DED2E11F82D8FAC712ED4B /* Pods-Events.debug.xcconfig */;
			buildSettings = {
				ASSETCATALOG_COMPILER_APPICON_NAME = AppIcon;
				CODE_SIGN_STYLE = Automatic;
				DEVELOPMENT_TEAM = F6NR5MWZFA;
				INFOPLIST_FILE = Events/Info.plist;
				LD_RUNPATH_SEARCH_PATHS = (
					"$(inherited)",
					"@executable_path/Frameworks",
				);
				PRODUCT_BUNDLE_IDENTIFIER = br.com.mantratech.Events;
				PRODUCT_NAME = "$(TARGET_NAME)";
				SWIFT_VERSION = 5.0;
				TARGETED_DEVICE_FAMILY = "1,2";
			};
			name = Debug;
		};
		61D655D1244F701E00A055C2 /* Release */ = {
			isa = XCBuildConfiguration;
			baseConfigurationReference = 19363BCDC72B243A17BD4AD7 /* Pods-Events.release.xcconfig */;
			buildSettings = {
				ASSETCATALOG_COMPILER_APPICON_NAME = AppIcon;
				CODE_SIGN_STYLE = Automatic;
				DEVELOPMENT_TEAM = F6NR5MWZFA;
				INFOPLIST_FILE = Events/Info.plist;
				LD_RUNPATH_SEARCH_PATHS = (
					"$(inherited)",
					"@executable_path/Frameworks",
				);
				PRODUCT_BUNDLE_IDENTIFIER = br.com.mantratech.Events;
				PRODUCT_NAME = "$(TARGET_NAME)";
				SWIFT_VERSION = 5.0;
				TARGETED_DEVICE_FAMILY = "1,2";
			};
			name = Release;
		};
		61D655D3244F701E00A055C2 /* Debug */ = {
			isa = XCBuildConfiguration;
			baseConfigurationReference = 40E9091AD379DBCFDB4D6EFB /* Pods-EventsTests.debug.xcconfig */;
			buildSettings = {
				ALWAYS_EMBED_SWIFT_STANDARD_LIBRARIES = YES;
				BUNDLE_LOADER = "$(TEST_HOST)";
				CODE_SIGN_STYLE = Automatic;
				DEVELOPMENT_TEAM = F6NR5MWZFA;
				INFOPLIST_FILE = EventsTests/Info.plist;
				IPHONEOS_DEPLOYMENT_TARGET = 13.4;
				LD_RUNPATH_SEARCH_PATHS = (
					"$(inherited)",
					"@executable_path/Frameworks",
					"@loader_path/Frameworks",
				);
				PRODUCT_BUNDLE_IDENTIFIER = br.com.mantratech.EventsTests;
				PRODUCT_NAME = "$(TARGET_NAME)";
				SWIFT_VERSION = 5.0;
				TARGETED_DEVICE_FAMILY = "1,2";
				TEST_HOST = "$(BUILT_PRODUCTS_DIR)/Events.app/Events";
			};
			name = Debug;
		};
		61D655D4244F701E00A055C2 /* Release */ = {
			isa = XCBuildConfiguration;
			baseConfigurationReference = 16C9D18EDF228334CF2749B1 /* Pods-EventsTests.release.xcconfig */;
			buildSettings = {
				ALWAYS_EMBED_SWIFT_STANDARD_LIBRARIES = YES;
				BUNDLE_LOADER = "$(TEST_HOST)";
				CODE_SIGN_STYLE = Automatic;
				DEVELOPMENT_TEAM = F6NR5MWZFA;
				INFOPLIST_FILE = EventsTests/Info.plist;
				IPHONEOS_DEPLOYMENT_TARGET = 13.4;
				LD_RUNPATH_SEARCH_PATHS = (
					"$(inherited)",
					"@executable_path/Frameworks",
					"@loader_path/Frameworks",
				);
				PRODUCT_BUNDLE_IDENTIFIER = br.com.mantratech.EventsTests;
				PRODUCT_NAME = "$(TARGET_NAME)";
				SWIFT_VERSION = 5.0;
				TARGETED_DEVICE_FAMILY = "1,2";
				TEST_HOST = "$(BUILT_PRODUCTS_DIR)/Events.app/Events";
			};
			name = Release;
		};
/* End XCBuildConfiguration section */

/* Begin XCConfigurationList section */
		61D655AB244F701B00A055C2 /* Build configuration list for PBXProject "Events" */ = {
			isa = XCConfigurationList;
			buildConfigurations = (
				61D655CD244F701E00A055C2 /* Debug */,
				61D655CE244F701E00A055C2 /* Release */,
			);
			defaultConfigurationIsVisible = 0;
			defaultConfigurationName = Release;
		};
		61D655CF244F701E00A055C2 /* Build configuration list for PBXNativeTarget "Events" */ = {
			isa = XCConfigurationList;
			buildConfigurations = (
				61D655D0244F701E00A055C2 /* Debug */,
				61D655D1244F701E00A055C2 /* Release */,
			);
			defaultConfigurationIsVisible = 0;
			defaultConfigurationName = Release;
		};
		61D655D2244F701E00A055C2 /* Build configuration list for PBXNativeTarget "EventsTests" */ = {
			isa = XCConfigurationList;
			buildConfigurations = (
				61D655D3244F701E00A055C2 /* Debug */,
				61D655D4244F701E00A055C2 /* Release */,
			);
			defaultConfigurationIsVisible = 0;
			defaultConfigurationName = Release;
		};
/* End XCConfigurationList section */
	};
	rootObject = 61D655A8244F701B00A055C2 /* Project object */;
}
